
Microsoft Visual Studio Solution File, Format Version 9.00
# Visual Studio 2005
Project("{8BC9CEB8-8B4A-11D0-8D11-00A0C91BC942}") = "libFooID_static", "libFooID.vcproj", "{404FD308-C832-4350-A18F-2D58DFA04CF2}"
	ProjectSection(ProjectDependencies) = postProject
		{E38F7B39-087A-41CE-80B5-AA71DCD36BA4} = {E38F7B39-087A-41CE-80B5-AA71DCD36BA4}
	EndProjectSection
EndProject
Project("{8BC9CEB8-8B4A-11D0-8D11-00A0C91BC942}") = "libresample", "..\libresample\win32\libresample.vcproj", "{E38F7B39-087A-41CE-80B5-AA71DCD36BA4}"
EndProject
Project("{8BC9CEB8-8B4A-11D0-8D11-00A0C91BC942}") = "libFooID_dynamic", "libFooID_dynamic.vcproj", "{27111BA0-633E-4AC2-B7DB-BDD567A08F75}"
	ProjectSection(ProjectDependencies) = postProject
		{404FD308-C832-4350-A18F-2D58DFA04CF2} = {404FD308-C832-4350-A18F-2D58DFA04CF2}
	EndProjectSection
EndProject
Global
	GlobalSection(SolutionConfigurationPlatforms) = preSolution
		Debug|Win32 = Debug|Win32
		Release|Win32 = Release|Win32
	EndGlobalSection
	GlobalSection(ProjectConfigurationPlatforms) = postSolution
		{404FD308-C832-4350-A18F-2D58DFA04CF2}.Debug|Win32.ActiveCfg = Debug|Win32
		{404FD308-C832-4350-A18F-2D58DFA04CF2}.Debug|Win32.Build.0 = Debug|Win32
		{404FD308-C832-4350-A18F-2D58DFA04CF2}.Release|Win32.ActiveCfg = Release|Win32
		{404FD308-C832-4350-A18F-2D58DFA04CF2}.Release|Win32.Build.0 = Release|Win32
		{E38F7B39-087A-41CE-80B5-AA71DCD36BA4}.Debug|Win32.ActiveCfg = Debug|Win32
		{E38F7B39-087A-41CE-80B5-AA71DCD36BA4}.Debug|Win32.Build.0 = Debug|Win32
		{E38F7B39-087A-41CE-80B5-AA71DCD36BA4}.Release|Win32.ActiveCfg = Release|Win32
		{E38F7B39-087A-41CE-80B5-AA71DCD36BA4}.Release|Win32.Build.0 = Release|Win32
		{27111BA0-633E-4AC2-B7DB-BDD567A08F75}.Debug|Win32.ActiveCfg = Debug|Win32
		{27111BA0-633E-4AC2-B7DB-BDD567A08F75}.Debug|Win32.Build.0 = Debug|Win32
		{27111BA0-633E-4AC2-B7DB-BDD567A08F75}.Release|Win32.ActiveCfg = Release|Win32
		{27111BA0-633E-4AC2-B7DB-BDD567A08F75}.Release|Win32.Build.0 = Release|Win32
	EndGlobalSection
	GlobalSection(SolutionProperties) = preSolution
		HideSolutionNode = FALSE
	EndGlobalSection
EndGlobal
